
Microsoft Visual Studio Solution File, Format Version 12.00
# Visual Studio Version 17
VisualStudioVersion = 17.11.35327.3
MinimumVisualStudioVersion = 10.0.40219.1
Project("{FAE04EC0-301F-11D3-BF4B-00C04F79EFBC}") = "redactor(31.10.2024)", "redactor(31.10.2024)\redactor(31.10.2024).csproj", "{EE500C4A-0D5F-487F-A3C9-34940EC5477F}"
EndProject
Global
	GlobalSection(SolutionConfigurationPlatforms) = preSolution
		Debug|Any CPU = Debug|Any CPU
		Release|Any CPU = Release|Any CPU
	EndGlobalSection
	GlobalSection(ProjectConfigurationPlatforms) = postSolution
		{EE500C4A-0D5F-487F-A3C9-34940EC5477F}.Debug|Any CPU.ActiveCfg = Debug|Any CPU
		{EE500C4A-0D5F-487F-A3C9-34940EC5477F}.Debug|Any CPU.Build.0 = Debug|Any CPU
		{EE500C4A-0D5F-487F-A3C9-34940EC5477F}.Release|Any CPU.ActiveCfg = Release|Any CPU
		{EE500C4A-0D5F-487F-A3C9-34940EC5477F}.Release|Any CPU.Build.0 = Release|Any CPU
	EndGlobalSection
	GlobalSection(SolutionProperties) = preSolution
		HideSolutionNode = FALSE
	EndGlobalSection
	GlobalSection(ExtensibilityGlobals) = postSolution
		SolutionGuid = {873B29FA-CC09-4A2D-8084-4D5D38753AA9}
	EndGlobalSection
EndGlobal
